
Microsoft Visual Studio Solution File, Format Version 12.00
# Visual Studio Version 16
VisualStudioVersion = 16.0.31105.61
MinimumVisualStudioVersion = 10.0.40219.1
Project("{9A19103F-16F7-4668-BE54-9A1E7A4F7556}") = "AlertBarWpf", "AlertBarWpf.csproj", "{C6789390-E3DC-435E-B004-7E42B4218CF0}"
EndProject
Project("{FAE04EC0-301F-11D3-BF4B-00C04F79EFBC}") = "TestApp", "..\TestApp\TestApp.csproj", "{AEB128D7-B0A4-430F-AFDC-24F92B2E93DB}"
EndProject
Global
	GlobalSection(SolutionConfigurationPlatforms) = preSolution
		Debug|Any CPU = Debug|Any CPU
		Release|Any CPU = Release|Any CPU
	EndGlobalSection
	GlobalSection(ProjectConfigurationPlatforms) = postSolution
		{C6789390-E3DC-435E-B004-7E42B4218CF0}.Debug|Any CPU.ActiveCfg = Debug|Any CPU
		{C6789390-E3DC-435E-B004-7E42B4218CF0}.Debug|Any CPU.Build.0 = Debug|Any CPU
		{C6789390-E3DC-435E-B004-7E42B4218CF0}.Release|Any CPU.ActiveCfg = Release|Any CPU
		{C6789390-E3DC-435E-B004-7E42B4218CF0}.Release|Any CPU.Build.0 = Release|Any CPU
		{AEB128D7-B0A4-430F-AFDC-24F92B2E93DB}.Debug|Any CPU.ActiveCfg = Debug|Any CPU
		{AEB128D7-B0A4-430F-AFDC-24F92B2E93DB}.Debug|Any CPU.Build.0 = Debug|Any CPU
		{AEB128D7-B0A4-430F-AFDC-24F92B2E93DB}.Release|Any CPU.ActiveCfg = Release|Any CPU
		{AEB128D7-B0A4-430F-AFDC-24F92B2E93DB}.Release|Any CPU.Build.0 = Release|Any CPU
	EndGlobalSection
	GlobalSection(SolutionProperties) = preSolution
		HideSolutionNode = FALSE
	EndGlobalSection
	GlobalSection(ExtensibilityGlobals) = postSolution
		SolutionGuid = {9B28A7FD-8B56-4C37-8B84-AEDDA829F4D5}
	EndGlobalSection
EndGlobal
